
Microsoft Visual Studio Solution File, Format Version 12.00
# Visual Studio Version 17
VisualStudioVersion = 17.9.34728.123
MinimumVisualStudioVersion = 10.0.40219.1
Project("{FAE04EC0-301F-11D3-BF4B-00C04F79EFBC}") = "COMP003B.Assignment7", "COMP003B.Assignment7\COMP003B.Assignment7.csproj", "{4B8BCBE8-54B4-4B0E-B600-5B66C40C562E}"
EndProject
Global
	GlobalSection(SolutionConfigurationPlatforms) = preSolution
		Debug|Any CPU = Debug|Any CPU
		Release|Any CPU = Release|Any CPU
	EndGlobalSection
	GlobalSection(ProjectConfigurationPlatforms) = postSolution
		{4B8BCBE8-54B4-4B0E-B600-5B66C40C562E}.Debug|Any CPU.ActiveCfg = Debug|Any CPU
		{4B8BCBE8-54B4-4B0E-B600-5B66C40C562E}.Debug|Any CPU.Build.0 = Debug|Any CPU
		{4B8BCBE8-54B4-4B0E-B600-5B66C40C562E}.Release|Any CPU.ActiveCfg = Release|Any CPU
		{4B8BCBE8-54B4-4B0E-B600-5B66C40C562E}.Release|Any CPU.Build.0 = Release|Any CPU
	EndGlobalSection
	GlobalSection(SolutionProperties) = preSolution
		HideSolutionNode = FALSE
	EndGlobalSection
	GlobalSection(ExtensibilityGlobals) = postSolution
		SolutionGuid = {F95EBC73-6AFD-479F-8F3A-7FC17E1A2BBD}
	EndGlobalSection
EndGlobal
